// !$*UTF8*$!
{
	archiveVersion = 1;
	classes = {
	};
	objectVersion = 56;
	objects = {

/* Begin PBXBuildFile section */
		CA3D0CDB2C29A2F300735097 /* AppDelegate.swift in Sources */ = {isa = PBXBuildFile; fileRef = CA3D0CDA2C29A2F300735097 /* AppDelegate.swift */; };
		CA3D0CDD2C29A2F300735097 /* SceneDelegate.swift in Sources */ = {isa = PBXBuildFile; fileRef = CA3D0CDC2C29A2F300735097 /* SceneDelegate.swift */; };
		CA3D0CDF2C29A2F300735097 /* ViewController.swift in Sources */ = {isa = PBXBuildFile; fileRef = CA3D0CDE2C29A2F300735097 /* ViewController.swift */; };
		CA3D0CE42C29A2F500735097 /* Assets.xcassets in Resources */ = {isa = PBXBuildFile; fileRef = CA3D0CE32C29A2F500735097 /* Assets.xcassets */; };
		CA3D0CE72C29A2F500735097 /* Base in Resources */ = {isa = PBXBuildFile; fileRef = CA3D0CE62C29A2F500735097 /* Base */; };
		CA3D0CF02C29A4DB00735097 /* Moya in Frameworks */ = {isa = PBXBuildFile; productRef = CA3D0CEF2C29A4DB00735097 /* Moya */; };
		CA3D0CF32C29A51B00735097 /* SnapKit in Frameworks */ = {isa = PBXBuildFile; productRef = CA3D0CF22C29A51B00735097 /* SnapKit */; };
		CA3D0CF62C29A52F00735097 /* Then in Frameworks */ = {isa = PBXBuildFile; productRef = CA3D0CF52C29A52F00735097 /* Then */; };
		CA3D0CF92C29A55300735097 /* Kingfisher in Frameworks */ = {isa = PBXBuildFile; productRef = CA3D0CF82C29A55300735097 /* Kingfisher */; };
		CA3D0CFC2C29A62D00735097 /* KakaoSDK in Frameworks */ = {isa = PBXBuildFile; productRef = CA3D0CFB2C29A62D00735097 /* KakaoSDK */; };
		CA3D0CFE2C29A62D00735097 /* KakaoSDKAuth in Frameworks */ = {isa = PBXBuildFile; productRef = CA3D0CFD2C29A62D00735097 /* KakaoSDKAuth */; };
		CA3D0D002C29A62D00735097 /* KakaoSDKCert in Frameworks */ = {isa = PBXBuildFile; productRef = CA3D0CFF2C29A62D00735097 /* KakaoSDKCert */; };
		CA3D0D022C29A62D00735097 /* KakaoSDKCertCore in Frameworks */ = {isa = PBXBuildFile; productRef = CA3D0D012C29A62D00735097 /* KakaoSDKCertCore */; };
		CA3D0D042C29A62D00735097 /* KakaoSDKCommon in Frameworks */ = {isa = PBXBuildFile; productRef = CA3D0D032C29A62D00735097 /* KakaoSDKCommon */; };
		CA3D0D0F2C29A97300735097 /* .gitkeep in Resources */ = {isa = PBXBuildFile; fileRef = CA3D0D0E2C29A97300735097 /* .gitkeep */; };
		CA3D0D112C29A98400735097 /* .gitkeep in Resources */ = {isa = PBXBuildFile; fileRef = CA3D0D102C29A98400735097 /* .gitkeep */; };
		CA3D0D152C29A9ED00735097 /* .gitkeep in Resources */ = {isa = PBXBuildFile; fileRef = CA3D0D142C29A9ED00735097 /* .gitkeep */; };
		CA3D0D182C29AA7A00735097 /* UITextField+.swift in Sources */ = {isa = PBXBuildFile; fileRef = CA3D0D172C29AA7A00735097 /* UITextField+.swift */; };
		CA3D0D1A2C29AAAC00735097 /* UIView+.swift in Sources */ = {isa = PBXBuildFile; fileRef = CA3D0D192C29AAAC00735097 /* UIView+.swift */; };
		CA3D0D1C2C29AACD00735097 /* UIStackView+.swift in Sources */ = {isa = PBXBuildFile; fileRef = CA3D0D1B2C29AACD00735097 /* UIStackView+.swift */; };
/* End PBXBuildFile section */

/* Begin PBXFileReference section */
		CA3D0CD72C29A2F300735097 /* DATEROAD-iOS.app */ = {isa = PBXFileReference; explicitFileType = wrapper.application; includeInIndex = 0; path = "DATEROAD-iOS.app"; sourceTree = BUILT_PRODUCTS_DIR; };
		CA3D0CDA2C29A2F300735097 /* AppDelegate.swift */ = {isa = PBXFileReference; lastKnownFileType = sourcecode.swift; path = AppDelegate.swift; sourceTree = "<group>"; };
		CA3D0CDC2C29A2F300735097 /* SceneDelegate.swift */ = {isa = PBXFileReference; lastKnownFileType = sourcecode.swift; path = SceneDelegate.swift; sourceTree = "<group>"; };
		CA3D0CDE2C29A2F300735097 /* ViewController.swift */ = {isa = PBXFileReference; lastKnownFileType = sourcecode.swift; path = ViewController.swift; sourceTree = "<group>"; };
		CA3D0CE32C29A2F500735097 /* Assets.xcassets */ = {isa = PBXFileReference; lastKnownFileType = folder.assetcatalog; path = Assets.xcassets; sourceTree = "<group>"; };
		CA3D0CE62C29A2F500735097 /* Base */ = {isa = PBXFileReference; lastKnownFileType = file.storyboard; name = Base; path = Base.lproj/LaunchScreen.storyboard; sourceTree = "<group>"; };
		CA3D0CE82C29A2F500735097 /* Info.plist */ = {isa = PBXFileReference; lastKnownFileType = text.plist.xml; name = Info.plist; path = "DATEROAD-iOS/Global/Settings/Info.plist"; sourceTree = SOURCE_ROOT; };
		CA3D0D0E2C29A97300735097 /* .gitkeep */ = {isa = PBXFileReference; lastKnownFileType = text; path = .gitkeep; sourceTree = "<group>"; };
		CA3D0D102C29A98400735097 /* .gitkeep */ = {isa = PBXFileReference; lastKnownFileType = text; path = .gitkeep; sourceTree = "<group>"; };
		CA3D0D142C29A9ED00735097 /* .gitkeep */ = {isa = PBXFileReference; lastKnownFileType = text; path = .gitkeep; sourceTree = "<group>"; };
		CA3D0D172C29AA7A00735097 /* UITextField+.swift */ = {isa = PBXFileReference; lastKnownFileType = sourcecode.swift; path = "UITextField+.swift"; sourceTree = "<group>"; };
		CA3D0D192C29AAAC00735097 /* UIView+.swift */ = {isa = PBXFileReference; lastKnownFileType = sourcecode.swift; path = "UIView+.swift"; sourceTree = "<group>"; };
		CA3D0D1B2C29AACD00735097 /* UIStackView+.swift */ = {isa = PBXFileReference; lastKnownFileType = sourcecode.swift; path = "UIStackView+.swift"; sourceTree = "<group>"; };
/* End PBXFileReference section */

/* Begin PBXFrameworksBuildPhase section */
		CA3D0CD42C29A2F300735097 /* Frameworks */ = {
			isa = PBXFrameworksBuildPhase;
			buildActionMask = 2147483647;
			files = (
				CA3D0D022C29A62D00735097 /* KakaoSDKCertCore in Frameworks */,
				CA3D0CF92C29A55300735097 /* Kingfisher in Frameworks */,
				CA3D0CFC2C29A62D00735097 /* KakaoSDK in Frameworks */,
				CA3D0CF02C29A4DB00735097 /* Moya in Frameworks */,
				CA3D0D042C29A62D00735097 /* KakaoSDKCommon in Frameworks */,
				CA3D0CF62C29A52F00735097 /* Then in Frameworks */,
				CA3D0CF32C29A51B00735097 /* SnapKit in Frameworks */,
				CA3D0D002C29A62D00735097 /* KakaoSDKCert in Frameworks */,
				CA3D0CFE2C29A62D00735097 /* KakaoSDKAuth in Frameworks */,
			);
			runOnlyForDeploymentPostprocessing = 0;
		};
/* End PBXFrameworksBuildPhase section */

/* Begin PBXGroup section */
		CA3D0CCE2C29A2F300735097 = {
			isa = PBXGroup;
			children = (
				CA3D0CD92C29A2F300735097 /* DATEROAD-iOS */,
				CA3D0CD82C29A2F300735097 /* Products */,
			);
			sourceTree = "<group>";
		};
		CA3D0CD82C29A2F300735097 /* Products */ = {
			isa = PBXGroup;
			children = (
				CA3D0CD72C29A2F300735097 /* DATEROAD-iOS.app */,
			);
			name = Products;
			sourceTree = "<group>";
		};
		CA3D0CD92C29A2F300735097 /* DATEROAD-iOS */ = {
			isa = PBXGroup;
			children = (
				CA3D0D122C29A9BB00735097 /* Network */,
				CA3D0D092C29A75600735097 /* Scene */,
				CA3D0D062C29A68C00735097 /* Global */,
				CA3D0D052C29A67000735097 /* Application */,
			);
			path = "DATEROAD-iOS";
			sourceTree = "<group>";
		};
		CA3D0D052C29A67000735097 /* Application */ = {
			isa = PBXGroup;
			children = (
				CA3D0CE52C29A2F500735097 /* LaunchScreen.storyboard */,
				CA3D0CDC2C29A2F300735097 /* SceneDelegate.swift */,
				CA3D0CDA2C29A2F300735097 /* AppDelegate.swift */,
			);
			path = Application;
			sourceTree = "<group>";
		};
		CA3D0D062C29A68C00735097 /* Global */ = {
			isa = PBXGroup;
			children = (
				CA3D0D162C29AA5E00735097 /* Extensions */,
				CA3D0D082C29A6A700735097 /* Settings */,
				CA3D0D072C29A69500735097 /* Resources */,
			);
			path = Global;
			sourceTree = "<group>";
		};
		CA3D0D072C29A69500735097 /* Resources */ = {
			isa = PBXGroup;
			children = (
				CA3D0CE32C29A2F500735097 /* Assets.xcassets */,
			);
			path = Resources;
			sourceTree = "<group>";
		};
		CA3D0D082C29A6A700735097 /* Settings */ = {
			isa = PBXGroup;
			children = (
				CA3D0CE82C29A2F500735097 /* Info.plist */,
			);
			path = Settings;
			sourceTree = "<group>";
		};
		CA3D0D092C29A75600735097 /* Scene */ = {
			isa = PBXGroup;
			children = (
				CA3D0D0A2C29A7D800735097 /* Login */,
			);
			path = Scene;
			sourceTree = "<group>";
		};
		CA3D0D0A2C29A7D800735097 /* Login */ = {
			isa = PBXGroup;
			children = (
				CA3D0D0D2C29A80500735097 /* Models */,
				CA3D0D0C2C29A7FE00735097 /* ViewModels */,
				CA3D0D0B2C29A7EC00735097 /* Views */,
			);
			path = Login;
			sourceTree = "<group>";
		};
		CA3D0D0B2C29A7EC00735097 /* Views */ = {
			isa = PBXGroup;
			children = (
				CA3D0CDE2C29A2F300735097 /* ViewController.swift */,
			);
			path = Views;
			sourceTree = "<group>";
		};
		CA3D0D0C2C29A7FE00735097 /* ViewModels */ = {
			isa = PBXGroup;
			children = (
				CA3D0D0E2C29A97300735097 /* .gitkeep */,
			);
			path = ViewModels;
			sourceTree = "<group>";
		};
		CA3D0D0D2C29A80500735097 /* Models */ = {
			isa = PBXGroup;
			children = (
				CA3D0D102C29A98400735097 /* .gitkeep */,
			);
			path = Models;
			sourceTree = "<group>";
		};
		CA3D0D122C29A9BB00735097 /* Network */ = {
			isa = PBXGroup;
			children = (
				CA3D0D132C29A9C500735097 /* Base */,
			);
			path = Network;
			sourceTree = "<group>";
		};
		CA3D0D132C29A9C500735097 /* Base */ = {
			isa = PBXGroup;
			children = (
				CA3D0D142C29A9ED00735097 /* .gitkeep */,
			);
			path = Base;
			sourceTree = "<group>";
		};
		CA3D0D162C29AA5E00735097 /* Extensions */ = {
			isa = PBXGroup;
			children = (
				CA3D0D172C29AA7A00735097 /* UITextField+.swift */,
				CA3D0D192C29AAAC00735097 /* UIView+.swift */,
				CA3D0D1B2C29AACD00735097 /* UIStackView+.swift */,
			);
			path = Extensions;
			sourceTree = "<group>";
		};
/* End PBXGroup section */

/* Begin PBXNativeTarget section */
		CA3D0CD62C29A2F300735097 /* DATEROAD-iOS */ = {
			isa = PBXNativeTarget;
			buildConfigurationList = CA3D0CEB2C29A2F500735097 /* Build configuration list for PBXNativeTarget "DATEROAD-iOS" */;
			buildPhases = (
				CA3D0CD32C29A2F300735097 /* Sources */,
				CA3D0CD42C29A2F300735097 /* Frameworks */,
				CA3D0CD52C29A2F300735097 /* Resources */,
			);
			buildRules = (
			);
			dependencies = (
			);
			name = "DATEROAD-iOS";
			packageProductDependencies = (
				CA3D0CEF2C29A4DB00735097 /* Moya */,
				CA3D0CF22C29A51B00735097 /* SnapKit */,
				CA3D0CF52C29A52F00735097 /* Then */,
				CA3D0CF82C29A55300735097 /* Kingfisher */,
				CA3D0CFB2C29A62D00735097 /* KakaoSDK */,
				CA3D0CFD2C29A62D00735097 /* KakaoSDKAuth */,
				CA3D0CFF2C29A62D00735097 /* KakaoSDKCert */,
				CA3D0D012C29A62D00735097 /* KakaoSDKCertCore */,
				CA3D0D032C29A62D00735097 /* KakaoSDKCommon */,
			);
			productName = "DATEROAD-iOS";
			productReference = CA3D0CD72C29A2F300735097 /* DATEROAD-iOS.app */;
			productType = "com.apple.product-type.application";
		};
/* End PBXNativeTarget section */

/* Begin PBXProject section */
		CA3D0CCF2C29A2F300735097 /* Project object */ = {
			isa = PBXProject;
			attributes = {
				BuildIndependentTargetsInParallel = 1;
				LastSwiftUpdateCheck = 1540;
				LastUpgradeCheck = 1540;
				TargetAttributes = {
					CA3D0CD62C29A2F300735097 = {
						CreatedOnToolsVersion = 15.4;
					};
				};
			};
			buildConfigurationList = CA3D0CD22C29A2F300735097 /* Build configuration list for PBXProject "DATEROAD-iOS" */;
			compatibilityVersion = "Xcode 14.0";
			developmentRegion = en;
			hasScannedForEncodings = 0;
			knownRegions = (
				en,
				Base,
			);
			mainGroup = CA3D0CCE2C29A2F300735097;
			packageReferences = (
				CA3D0CEE2C29A4DB00735097 /* XCRemoteSwiftPackageReference "Moya" */,
				CA3D0CF12C29A51B00735097 /* XCRemoteSwiftPackageReference "SnapKit" */,
				CA3D0CF42C29A52F00735097 /* XCRemoteSwiftPackageReference "Then" */,
				CA3D0CF72C29A55300735097 /* XCRemoteSwiftPackageReference "Kingfisher" */,
				CA3D0CFA2C29A62C00735097 /* XCRemoteSwiftPackageReference "kakao-ios-sdk" */,
			);
			productRefGroup = CA3D0CD82C29A2F300735097 /* Products */;
			projectDirPath = "";
			projectRoot = "";
			targets = (
				CA3D0CD62C29A2F300735097 /* DATEROAD-iOS */,
			);
		};
/* End PBXProject section */

/* Begin PBXResourcesBuildPhase section */
		CA3D0CD52C29A2F300735097 /* Resources */ = {
			isa = PBXResourcesBuildPhase;
			buildActionMask = 2147483647;
			files = (
				CA3D0D0F2C29A97300735097 /* .gitkeep in Resources */,
				CA3D0CE42C29A2F500735097 /* Assets.xcassets in Resources */,
				CA3D0D152C29A9ED00735097 /* .gitkeep in Resources */,
				CA3D0CE72C29A2F500735097 /* Base in Resources */,
				CA3D0D112C29A98400735097 /* .gitkeep in Resources */,
			);
			runOnlyForDeploymentPostprocessing = 0;
		};
/* End PBXResourcesBuildPhase section */

/* Begin PBXSourcesBuildPhase section */
		CA3D0CD32C29A2F300735097 /* Sources */ = {
			isa = PBXSourcesBuildPhase;
			buildActionMask = 2147483647;
			files = (
				CA3D0CDF2C29A2F300735097 /* ViewController.swift in Sources */,
				CA3D0D1C2C29AACD00735097 /* UIStackView+.swift in Sources */,
				CA3D0CDB2C29A2F300735097 /* AppDelegate.swift in Sources */,
				CA3D0CDD2C29A2F300735097 /* SceneDelegate.swift in Sources */,
				CA3D0D182C29AA7A00735097 /* UITextField+.swift in Sources */,
				CA3D0D1A2C29AAAC00735097 /* UIView+.swift in Sources */,
			);
			runOnlyForDeploymentPostprocessing = 0;
		};
/* End PBXSourcesBuildPhase section */

/* Begin PBXVariantGroup section */
		CA3D0CE52C29A2F500735097 /* LaunchScreen.storyboard */ = {
			isa = PBXVariantGroup;
			children = (
				CA3D0CE62C29A2F500735097 /* Base */,
			);
			name = LaunchScreen.storyboard;
			sourceTree = "<group>";
		};
/* End PBXVariantGroup section */

/* Begin XCBuildConfiguration section */
		CA3D0CE92C29A2F500735097 /* Debug */ = {
			isa = XCBuildConfiguration;
			buildSettings = {
				ALWAYS_SEARCH_USER_PATHS = NO;
				ASSETCATALOG_COMPILER_GENERATE_SWIFT_ASSET_SYMBOL_EXTENSIONS = YES;
				CLANG_ANALYZER_NONNULL = YES;
				CLANG_ANALYZER_NUMBER_OBJECT_CONVERSION = YES_AGGRESSIVE;
				CLANG_CXX_LANGUAGE_STANDARD = "gnu++20";
				CLANG_ENABLE_MODULES = YES;
				CLANG_ENABLE_OBJC_ARC = YES;
				CLANG_ENABLE_OBJC_WEAK = YES;
				CLANG_WARN_BLOCK_CAPTURE_AUTORELEASING = YES;
				CLANG_WARN_BOOL_CONVERSION = YES;
				CLANG_WARN_COMMA = YES;
				CLANG_WARN_CONSTANT_CONVERSION = YES;
				CLANG_WARN_DEPRECATED_OBJC_IMPLEMENTATIONS = YES;
				CLANG_WARN_DIRECT_OBJC_ISA_USAGE = YES_ERROR;
				CLANG_WARN_DOCUMENTATION_COMMENTS = YES;
				CLANG_WARN_EMPTY_BODY = YES;
				CLANG_WARN_ENUM_CONVERSION = YES;
				CLANG_WARN_INFINITE_RECURSION = YES;
				CLANG_WARN_INT_CONVERSION = YES;
				CLANG_WARN_NON_LITERAL_NULL_CONVERSION = YES;
				CLANG_WARN_OBJC_IMPLICIT_RETAIN_SELF = YES;
				CLANG_WARN_OBJC_LITERAL_CONVERSION = YES;
				CLANG_WARN_OBJC_ROOT_CLASS = YES_ERROR;
				CLANG_WARN_QUOTED_INCLUDE_IN_FRAMEWORK_HEADER = YES;
				CLANG_WARN_RANGE_LOOP_ANALYSIS = YES;
				CLANG_WARN_STRICT_PROTOTYPES = YES;
				CLANG_WARN_SUSPICIOUS_MOVE = YES;
				CLANG_WARN_UNGUARDED_AVAILABILITY = YES_AGGRESSIVE;
				CLANG_WARN_UNREACHABLE_CODE = YES;
				CLANG_WARN__DUPLICATE_METHOD_MATCH = YES;
				COPY_PHASE_STRIP = NO;
				DEBUG_INFORMATION_FORMAT = dwarf;
				ENABLE_STRICT_OBJC_MSGSEND = YES;
				ENABLE_TESTABILITY = YES;
				ENABLE_USER_SCRIPT_SANDBOXING = YES;
				GCC_C_LANGUAGE_STANDARD = gnu17;
				GCC_DYNAMIC_NO_PIC = NO;
				GCC_NO_COMMON_BLOCKS = YES;
				GCC_OPTIMIZATION_LEVEL = 0;
				GCC_PREPROCESSOR_DEFINITIONS = (
					"DEBUG=1",
					"$(inherited)",
				);
				GCC_WARN_64_TO_32_BIT_CONVERSION = YES;
				GCC_WARN_ABOUT_RETURN_TYPE = YES_ERROR;
				GCC_WARN_UNDECLARED_SELECTOR = YES;
				GCC_WARN_UNINITIALIZED_AUTOS = YES_AGGRESSIVE;
				GCC_WARN_UNUSED_FUNCTION = YES;
				GCC_WARN_UNUSED_VARIABLE = YES;
				IPHONEOS_DEPLOYMENT_TARGET = 17.5;
				LOCALIZATION_PREFERS_STRING_CATALOGS = YES;
				MTL_ENABLE_DEBUG_INFO = INCLUDE_SOURCE;
				MTL_FAST_MATH = YES;
				ONLY_ACTIVE_ARCH = YES;
				SDKROOT = iphoneos;
				SWIFT_ACTIVE_COMPILATION_CONDITIONS = "DEBUG $(inherited)";
				SWIFT_OPTIMIZATION_LEVEL = "-Onone";
			};
			name = Debug;
		};
		CA3D0CEA2C29A2F500735097 /* Release */ = {
			isa = XCBuildConfiguration;
			buildSettings = {
				ALWAYS_SEARCH_USER_PATHS = NO;
				ASSETCATALOG_COMPILER_GENERATE_SWIFT_ASSET_SYMBOL_EXTENSIONS = YES;
				CLANG_ANALYZER_NONNULL = YES;
				CLANG_ANALYZER_NUMBER_OBJECT_CONVERSION = YES_AGGRESSIVE;
				CLANG_CXX_LANGUAGE_STANDARD = "gnu++20";
				CLANG_ENABLE_MODULES = YES;
				CLANG_ENABLE_OBJC_ARC = YES;
				CLANG_ENABLE_OBJC_WEAK = YES;
				CLANG_WARN_BLOCK_CAPTURE_AUTORELEASING = YES;
				CLANG_WARN_BOOL_CONVERSION = YES;
				CLANG_WARN_COMMA = YES;
				CLANG_WARN_CONSTANT_CONVERSION = YES;
				CLANG_WARN_DEPRECATED_OBJC_IMPLEMENTATIONS = YES;
				CLANG_WARN_DIRECT_OBJC_ISA_USAGE = YES_ERROR;
				CLANG_WARN_DOCUMENTATION_COMMENTS = YES;
				CLANG_WARN_EMPTY_BODY = YES;
				CLANG_WARN_ENUM_CONVERSION = YES;
				CLANG_WARN_INFINITE_RECURSION = YES;
				CLANG_WARN_INT_CONVERSION = YES;
				CLANG_WARN_NON_LITERAL_NULL_CONVERSION = YES;
				CLANG_WARN_OBJC_IMPLICIT_RETAIN_SELF = YES;
				CLANG_WARN_OBJC_LITERAL_CONVERSION = YES;
				CLANG_WARN_OBJC_ROOT_CLASS = YES_ERROR;
				CLANG_WARN_QUOTED_INCLUDE_IN_FRAMEWORK_HEADER = YES;
				CLANG_WARN_RANGE_LOOP_ANALYSIS = YES;
				CLANG_WARN_STRICT_PROTOTYPES = YES;
				CLANG_WARN_SUSPICIOUS_MOVE = YES;
				CLANG_WARN_UNGUARDED_AVAILABILITY = YES_AGGRESSIVE;
				CLANG_WARN_UNREACHABLE_CODE = YES;
				CLANG_WARN__DUPLICATE_METHOD_MATCH = YES;
				COPY_PHASE_STRIP = NO;
				DEBUG_INFORMATION_FORMAT = "dwarf-with-dsym";
				ENABLE_NS_ASSERTIONS = NO;
				ENABLE_STRICT_OBJC_MSGSEND = YES;
				ENABLE_USER_SCRIPT_SANDBOXING = YES;
				GCC_C_LANGUAGE_STANDARD = gnu17;
				GCC_NO_COMMON_BLOCKS = YES;
				GCC_WARN_64_TO_32_BIT_CONVERSION = YES;
				GCC_WARN_ABOUT_RETURN_TYPE = YES_ERROR;
				GCC_WARN_UNDECLARED_SELECTOR = YES;
				GCC_WARN_UNINITIALIZED_AUTOS = YES_AGGRESSIVE;
				GCC_WARN_UNUSED_FUNCTION = YES;
				GCC_WARN_UNUSED_VARIABLE = YES;
				IPHONEOS_DEPLOYMENT_TARGET = 17.5;
				LOCALIZATION_PREFERS_STRING_CATALOGS = YES;
				MTL_ENABLE_DEBUG_INFO = NO;
				MTL_FAST_MATH = YES;
				SDKROOT = iphoneos;
				SWIFT_COMPILATION_MODE = wholemodule;
				VALIDATE_PRODUCT = YES;
			};
			name = Release;
		};
		CA3D0CEC2C29A2F500735097 /* Debug */ = {
			isa = XCBuildConfiguration;
			buildSettings = {
				ASSETCATALOG_COMPILER_APPICON_NAME = AppIcon;
				ASSETCATALOG_COMPILER_GLOBAL_ACCENT_COLOR_NAME = AccentColor;
				CODE_SIGN_STYLE = Automatic;
				CURRENT_PROJECT_VERSION = 1;
				DEVELOPMENT_TEAM = 72B557RJ7S;
				GENERATE_INFOPLIST_FILE = YES;
				INFOPLIST_FILE = "DATEROAD-iOS/Global/Settings/Info.plist";
				INFOPLIST_KEY_UIApplicationSupportsIndirectInputEvents = YES;
				INFOPLIST_KEY_UILaunchStoryboardName = LaunchScreen;
				INFOPLIST_KEY_UISupportedInterfaceOrientations_iPad = "UIInterfaceOrientationPortrait UIInterfaceOrientationPortraitUpsideDown UIInterfaceOrientationLandscapeLeft UIInterfaceOrientationLandscapeRight";
				INFOPLIST_KEY_UISupportedInterfaceOrientations_iPhone = "UIInterfaceOrientationPortrait UIInterfaceOrientationLandscapeLeft UIInterfaceOrientationLandscapeRight";
				LD_RUNPATH_SEARCH_PATHS = (
					"$(inherited)",
					"@executable_path/Frameworks",
				);
				MARKETING_VERSION = 1.0;
				PRODUCT_BUNDLE_IDENTIFIER = "com.heeseul.DATEROAD-iOS";
				PRODUCT_NAME = "$(TARGET_NAME)";
				SWIFT_EMIT_LOC_STRINGS = YES;
				SWIFT_VERSION = 5.0;
				TARGETED_DEVICE_FAMILY = "1,2";
			};
			name = Debug;
		};
		CA3D0CED2C29A2F500735097 /* Release */ = {
			isa = XCBuildConfiguration;
			buildSettings = {
				ASSETCATALOG_COMPILER_APPICON_NAME = AppIcon;
				ASSETCATALOG_COMPILER_GLOBAL_ACCENT_COLOR_NAME = AccentColor;
				CODE_SIGN_STYLE = Automatic;
				CURRENT_PROJECT_VERSION = 1;
				DEVELOPMENT_TEAM = 72B557RJ7S;
				GENERATE_INFOPLIST_FILE = YES;
				INFOPLIST_FILE = "DATEROAD-iOS/Global/Settings/Info.plist";
				INFOPLIST_KEY_UIApplicationSupportsIndirectInputEvents = YES;
				INFOPLIST_KEY_UILaunchStoryboardName = LaunchScreen;
				INFOPLIST_KEY_UISupportedInterfaceOrientations_iPad = "UIInterfaceOrientationPortrait UIInterfaceOrientationPortraitUpsideDown UIInterfaceOrientationLandscapeLeft UIInterfaceOrientationLandscapeRight";
				INFOPLIST_KEY_UISupportedInterfaceOrientations_iPhone = "UIInterfaceOrientationPortrait UIInterfaceOrientationLandscapeLeft UIInterfaceOrientationLandscapeRight";
				LD_RUNPATH_SEARCH_PATHS = (
					"$(inherited)",
					"@executable_path/Frameworks",
				);
				MARKETING_VERSION = 1.0;
				PRODUCT_BUNDLE_IDENTIFIER = "com.heeseul.DATEROAD-iOS";
				PRODUCT_NAME = "$(TARGET_NAME)";
				SWIFT_EMIT_LOC_STRINGS = YES;
				SWIFT_VERSION = 5.0;
				TARGETED_DEVICE_FAMILY = "1,2";
			};
			name = Release;
		};
/* End XCBuildConfiguration section */

/* Begin XCConfigurationList section */
		CA3D0CD22C29A2F300735097 /* Build configuration list for PBXProject "DATEROAD-iOS" */ = {
			isa = XCConfigurationList;
			buildConfigurations = (
				CA3D0CE92C29A2F500735097 /* Debug */,
				CA3D0CEA2C29A2F500735097 /* Release */,
			);
			defaultConfigurationIsVisible = 0;
			defaultConfigurationName = Release;
		};
		CA3D0CEB2C29A2F500735097 /* Build configuration list for PBXNativeTarget "DATEROAD-iOS" */ = {
			isa = XCConfigurationList;
			buildConfigurations = (
				CA3D0CEC2C29A2F500735097 /* Debug */,
				CA3D0CED2C29A2F500735097 /* Release */,
			);
			defaultConfigurationIsVisible = 0;
			defaultConfigurationName = Release;
		};
/* End XCConfigurationList section */

/* Begin XCRemoteSwiftPackageReference section */
		CA3D0CEE2C29A4DB00735097 /* XCRemoteSwiftPackageReference "Moya" */ = {
			isa = XCRemoteSwiftPackageReference;
			repositoryURL = "https://github.com/Moya/Moya";
			requirement = {
				kind = upToNextMajorVersion;
				minimumVersion = 15.0.3;
			};
		};
		CA3D0CF12C29A51B00735097 /* XCRemoteSwiftPackageReference "SnapKit" */ = {
			isa = XCRemoteSwiftPackageReference;
			repositoryURL = "https://github.com/SnapKit/SnapKit";
			requirement = {
				kind = upToNextMajorVersion;
				minimumVersion = 5.7.1;
			};
		};
		CA3D0CF42C29A52F00735097 /* XCRemoteSwiftPackageReference "Then" */ = {
			isa = XCRemoteSwiftPackageReference;
			repositoryURL = "https://github.com/devxoul/Then";
			requirement = {
				kind = upToNextMajorVersion;
				minimumVersion = 3.0.0;
			};
		};
		CA3D0CF72C29A55300735097 /* XCRemoteSwiftPackageReference "Kingfisher" */ = {
			isa = XCRemoteSwiftPackageReference;
			repositoryURL = "https://github.com/onevcat/Kingfisher.git";
			requirement = {
				kind = upToNextMajorVersion;
				minimumVersion = 7.12.0;
			};
		};
		CA3D0CFA2C29A62C00735097 /* XCRemoteSwiftPackageReference "kakao-ios-sdk" */ = {
			isa = XCRemoteSwiftPackageReference;
			repositoryURL = "https://github.com/kakao/kakao-ios-sdk";
			requirement = {
				branch = master;
				kind = branch;
			};
		};
/* End XCRemoteSwiftPackageReference section */

/* Begin XCSwiftPackageProductDependency section */
		CA3D0CEF2C29A4DB00735097 /* Moya */ = {
			isa = XCSwiftPackageProductDependency;
			package = CA3D0CEE2C29A4DB00735097 /* XCRemoteSwiftPackageReference "Moya" */;
			productName = Moya;
		};
		CA3D0CF22C29A51B00735097 /* SnapKit */ = {
			isa = XCSwiftPackageProductDependency;
			package = CA3D0CF12C29A51B00735097 /* XCRemoteSwiftPackageReference "SnapKit" */;
			productName = SnapKit;
		};
		CA3D0CF52C29A52F00735097 /* Then */ = {
			isa = XCSwiftPackageProductDependency;
			package = CA3D0CF42C29A52F00735097 /* XCRemoteSwiftPackageReference "Then" */;
			productName = Then;
		};
		CA3D0CF82C29A55300735097 /* Kingfisher */ = {
			isa = XCSwiftPackageProductDependency;
			package = CA3D0CF72C29A55300735097 /* XCRemoteSwiftPackageReference "Kingfisher" */;
			productName = Kingfisher;
		};
		CA3D0CFB2C29A62D00735097 /* KakaoSDK */ = {
			isa = XCSwiftPackageProductDependency;
			package = CA3D0CFA2C29A62C00735097 /* XCRemoteSwiftPackageReference "kakao-ios-sdk" */;
			productName = KakaoSDK;
		};
		CA3D0CFD2C29A62D00735097 /* KakaoSDKAuth */ = {
			isa = XCSwiftPackageProductDependency;
			package = CA3D0CFA2C29A62C00735097 /* XCRemoteSwiftPackageReference "kakao-ios-sdk" */;
			productName = KakaoSDKAuth;
		};
		CA3D0CFF2C29A62D00735097 /* KakaoSDKCert */ = {
			isa = XCSwiftPackageProductDependency;
			package = CA3D0CFA2C29A62C00735097 /* XCRemoteSwiftPackageReference "kakao-ios-sdk" */;
			productName = KakaoSDKCert;
		};
		CA3D0D012C29A62D00735097 /* KakaoSDKCertCore */ = {
			isa = XCSwiftPackageProductDependency;
			package = CA3D0CFA2C29A62C00735097 /* XCRemoteSwiftPackageReference "kakao-ios-sdk" */;
			productName = KakaoSDKCertCore;
		};
		CA3D0D032C29A62D00735097 /* KakaoSDKCommon */ = {
			isa = XCSwiftPackageProductDependency;
			package = CA3D0CFA2C29A62C00735097 /* XCRemoteSwiftPackageReference "kakao-ios-sdk" */;
			productName = KakaoSDKCommon;
		};
/* End XCSwiftPackageProductDependency section */
	};
	rootObject = CA3D0CCF2C29A2F300735097 /* Project object */;
}
